
Microsoft Visual Studio Solution File, Format Version 12.00
# Visual Studio 15
VisualStudioVersion = 15.0.27703.2018
MinimumVisualStudioVersion = 10.0.40219.1
Project("{FAE04EC0-301F-11D3-BF4B-00C04F79EFBC}") = "CalculatorApp", "CalculatorApp\CalculatorApp.csproj", "{7F02D373-0341-49A0-B815-8A3C59567268}"
EndProject
Project("{FAE04EC0-301F-11D3-BF4B-00C04F79EFBC}") = "CalculatorTest", "CalculatorTest\CalculatorTest.csproj", "{5E020BCE-B706-4E71-A3B7-3D0CB77245F4}"
EndProject
Global
	GlobalSection(SolutionConfigurationPlatforms) = preSolution
		Debug|Any CPU = Debug|Any CPU
		Release|Any CPU = Release|Any CPU
	EndGlobalSection
	GlobalSection(ProjectConfigurationPlatforms) = postSolution
		{7F02D373-0341-49A0-B815-8A3C59567268}.Debug|Any CPU.ActiveCfg = Debug|Any CPU
		{7F02D373-0341-49A0-B815-8A3C59567268}.Debug|Any CPU.Build.0 = Debug|Any CPU
		{7F02D373-0341-49A0-B815-8A3C59567268}.Release|Any CPU.ActiveCfg = Release|Any CPU
		{7F02D373-0341-49A0-B815-8A3C59567268}.Release|Any CPU.Build.0 = Release|Any CPU
		{5E020BCE-B706-4E71-A3B7-3D0CB77245F4}.Debug|Any CPU.ActiveCfg = Debug|Any CPU
		{5E020BCE-B706-4E71-A3B7-3D0CB77245F4}.Debug|Any CPU.Build.0 = Debug|Any CPU
		{5E020BCE-B706-4E71-A3B7-3D0CB77245F4}.Release|Any CPU.ActiveCfg = Release|Any CPU
		{5E020BCE-B706-4E71-A3B7-3D0CB77245F4}.Release|Any CPU.Build.0 = Release|Any CPU
	EndGlobalSection
	GlobalSection(SolutionProperties) = preSolution
		HideSolutionNode = FALSE
	EndGlobalSection
	GlobalSection(ExtensibilityGlobals) = postSolution
		SolutionGuid = {736580B2-E1A3-414B-9A7D-31AC174C8DD6}
	EndGlobalSection
EndGlobal
